
Microsoft Visual Studio Solution File, Format Version 12.00
# Visual Studio 14
VisualStudioVersion = 14.0.25420.1
MinimumVisualStudioVersion = 10.0.40219.1
Project("{FAE04EC0-301F-11D3-BF4B-00C04F79EFBC}") = "RB3.2", "RB3.2\RB3.2.csproj", "{E13B93B7-4B4E-4D40-B727-516BF7126485}"
EndProject
Global
	GlobalSection(SolutionConfigurationPlatforms) = preSolution
		Debug|Any CPU = Debug|Any CPU
		Release|Any CPU = Release|Any CPU
	EndGlobalSection
	GlobalSection(ProjectConfigurationPlatforms) = postSolution
		{E13B93B7-4B4E-4D40-B727-516BF7126485}.Debug|Any CPU.ActiveCfg = Debug|Any CPU
		{E13B93B7-4B4E-4D40-B727-516BF7126485}.Debug|Any CPU.Build.0 = Debug|Any CPU
		{E13B93B7-4B4E-4D40-B727-516BF7126485}.Release|Any CPU.ActiveCfg = Release|Any CPU
		{E13B93B7-4B4E-4D40-B727-516BF7126485}.Release|Any CPU.Build.0 = Release|Any CPU
	EndGlobalSection
	GlobalSection(SolutionProperties) = preSolution
		HideSolutionNode = FALSE
	EndGlobalSection
EndGlobal
